
Microsoft Visual Studio Solution File, Format Version 12.00
# Visual Studio Version 16
VisualStudioVersion = 16.0.29911.84
MinimumVisualStudioVersion = 10.0.40219.1
Project("{FAE04EC0-301F-11D3-BF4B-00C04F79EFBC}") = "MarsRover.Commander", "MarsRover.Commander\MarsRover.Commander.csproj", "{5F9D3E1F-436C-4B7A-8BF8-101715C78FD5}"
EndProject
Project("{FAE04EC0-301F-11D3-BF4B-00C04F79EFBC}") = "MarsRover.Infrastructure", "MarsRover.Infrastructure\MarsRover.Infrastructure.csproj", "{9B6965D6-B9E1-4D11-9DCB-62C5B83C338D}"
EndProject
Global
	GlobalSection(SolutionConfigurationPlatforms) = preSolution
		Debug|Any CPU = Debug|Any CPU
		Release|Any CPU = Release|Any CPU
	EndGlobalSection
	GlobalSection(ProjectConfigurationPlatforms) = postSolution
		{5F9D3E1F-436C-4B7A-8BF8-101715C78FD5}.Debug|Any CPU.ActiveCfg = Debug|Any CPU
		{5F9D3E1F-436C-4B7A-8BF8-101715C78FD5}.Debug|Any CPU.Build.0 = Debug|Any CPU
		{5F9D3E1F-436C-4B7A-8BF8-101715C78FD5}.Release|Any CPU.ActiveCfg = Release|Any CPU
		{5F9D3E1F-436C-4B7A-8BF8-101715C78FD5}.Release|Any CPU.Build.0 = Release|Any CPU
		{9B6965D6-B9E1-4D11-9DCB-62C5B83C338D}.Debug|Any CPU.ActiveCfg = Debug|Any CPU
		{9B6965D6-B9E1-4D11-9DCB-62C5B83C338D}.Debug|Any CPU.Build.0 = Debug|Any CPU
		{9B6965D6-B9E1-4D11-9DCB-62C5B83C338D}.Release|Any CPU.ActiveCfg = Release|Any CPU
		{9B6965D6-B9E1-4D11-9DCB-62C5B83C338D}.Release|Any CPU.Build.0 = Release|Any CPU
	EndGlobalSection
	GlobalSection(SolutionProperties) = preSolution
		HideSolutionNode = FALSE
	EndGlobalSection
	GlobalSection(ExtensibilityGlobals) = postSolution
		SolutionGuid = {14167E45-ACC2-4DDE-98CF-2C408475C4B9}
	EndGlobalSection
EndGlobal
